
Microsoft Visual Studio Solution File, Format Version 12.00
# Visual Studio Version 17
VisualStudioVersion = 17.11.35327.3
MinimumVisualStudioVersion = 10.0.40219.1
Project("{888888A0-9F3D-457C-B088-3A5042F75D52}") = "ClassAttendanceSystem", "ClassAttendanceSystem\ClassAttendanceSystem.pyproj", "{E05F3096-134D-4C58-BD48-84863ACBF20A}"
EndProject
Global
	GlobalSection(SolutionConfigurationPlatforms) = preSolution
		Debug|Any CPU = Debug|Any CPU
		Release|Any CPU = Release|Any CPU
	EndGlobalSection
	GlobalSection(ProjectConfigurationPlatforms) = postSolution
		{E05F3096-134D-4C58-BD48-84863ACBF20A}.Debug|Any CPU.ActiveCfg = Debug|Any CPU
		{E05F3096-134D-4C58-BD48-84863ACBF20A}.Debug|Any CPU.Build.0 = Debug|Any CPU
		{E05F3096-134D-4C58-BD48-84863ACBF20A}.Release|Any CPU.ActiveCfg = Release|Any CPU
		{E05F3096-134D-4C58-BD48-84863ACBF20A}.Release|Any CPU.Build.0 = Release|Any CPU
	EndGlobalSection
	GlobalSection(SolutionProperties) = preSolution
		HideSolutionNode = FALSE
	EndGlobalSection
	GlobalSection(ExtensibilityGlobals) = postSolution
		SolutionGuid = {FBE2FE75-4FB1-493D-AAC3-5A7B62AC806C}
	EndGlobalSection
EndGlobal
